{
  "name": "pfreact-boiler",
  "version": "1.0.11",
  "lockfileVersion": 1,
  "requires": true,
  "dependencies": {
    "eslint-config-jest-enzyme": {
      "version": "7.0.1",
      "resolved": "https://registry.npmjs.org/eslint-config-jest-enzyme/-/eslint-config-jest-enzyme-7.0.1.tgz",
      "integrity": "sha512-IPuraGoQwLsuVdYNoHm+sIWWYkL8QP/wiDeypzAtbW9hX/tYcz9CFnxBC+4bxNt/1whiMP56sjWAOhHBzJjaTA=="
    }
  }
}
